
Microsoft Visual Studio Solution File, Format Version 12.00
# Visual Studio Version 17
VisualStudioVersion = 17.9.34607.119
MinimumVisualStudioVersion = 10.0.40219.1
Project("{9A19103F-16F7-4668-BE54-9A1E7A4F7556}") = "STX.SPAL.Core", "STX.SPAL.Core\STX.SPAL.Core.csproj", "{655A10E1-9D26-4C3F-8BA4-53466ED591A3}"
EndProject
Project("{9A19103F-16F7-4668-BE54-9A1E7A4F7556}") = "STX.SPAL.Core.Infrastructure.Build", "STX.SPAL.Core.Infrastructure.Build\STX.SPAL.Core.Infrastructure.Build.csproj", "{7DEC4B59-8A80-4DE1-8DFB-2862888AD265}"
EndProject
Project("{9A19103F-16F7-4668-BE54-9A1E7A4F7556}") = "STX.SPAL.Core.Tests.Acceptance", "STX.SPAL.Core.Tests.Acceptance\STX.SPAL.Core.Tests.Acceptance.csproj", "{B8189190-B196-4625-8425-614BA183A952}"
EndProject
Project("{9A19103F-16F7-4668-BE54-9A1E7A4F7556}") = "STX.SPAL.Core.Tests.Unit", "STX.SPAL.Core.Tests.Unit\STX.SPAL.Core.Tests.Unit.csproj", "{FB55487C-EB2D-405A-95F1-295DDE2DFE75}"
EndProject
Project("{9A19103F-16F7-4668-BE54-9A1E7A4F7556}") = "STX.SPAL.Abstractions", "STX.SPAL.Abstractions\STX.SPAL.Abstractions.csproj", "{05AECCF2-472D-424D-A36E-17541C9FF019}"
EndProject
Project("{FAE04EC0-301F-11D3-BF4B-00C04F79EFBC}") = "STX.SPAL.Providers.Core", "STX.SPAL.Providers.Core\STX.SPAL.Providers.Core.csproj", "{002F2D46-A7A4-4C11-9A3A-C494419EB5E6}"
EndProject
Global
	GlobalSection(SolutionConfigurationPlatforms) = preSolution
		Debug|Any CPU = Debug|Any CPU
		Release|Any CPU = Release|Any CPU
	EndGlobalSection
	GlobalSection(ProjectConfigurationPlatforms) = postSolution
		{655A10E1-9D26-4C3F-8BA4-53466ED591A3}.Debug|Any CPU.ActiveCfg = Debug|Any CPU
		{655A10E1-9D26-4C3F-8BA4-53466ED591A3}.Debug|Any CPU.Build.0 = Debug|Any CPU
		{655A10E1-9D26-4C3F-8BA4-53466ED591A3}.Release|Any CPU.ActiveCfg = Release|Any CPU
		{655A10E1-9D26-4C3F-8BA4-53466ED591A3}.Release|Any CPU.Build.0 = Release|Any CPU
		{7DEC4B59-8A80-4DE1-8DFB-2862888AD265}.Debug|Any CPU.ActiveCfg = Debug|Any CPU
		{7DEC4B59-8A80-4DE1-8DFB-2862888AD265}.Debug|Any CPU.Build.0 = Debug|Any CPU
		{7DEC4B59-8A80-4DE1-8DFB-2862888AD265}.Release|Any CPU.ActiveCfg = Release|Any CPU
		{7DEC4B59-8A80-4DE1-8DFB-2862888AD265}.Release|Any CPU.Build.0 = Release|Any CPU
		{B8189190-B196-4625-8425-614BA183A952}.Debug|Any CPU.ActiveCfg = Debug|Any CPU
		{B8189190-B196-4625-8425-614BA183A952}.Debug|Any CPU.Build.0 = Debug|Any CPU
		{B8189190-B196-4625-8425-614BA183A952}.Release|Any CPU.ActiveCfg = Release|Any CPU
		{B8189190-B196-4625-8425-614BA183A952}.Release|Any CPU.Build.0 = Release|Any CPU
		{FB55487C-EB2D-405A-95F1-295DDE2DFE75}.Debug|Any CPU.ActiveCfg = Debug|Any CPU
		{FB55487C-EB2D-405A-95F1-295DDE2DFE75}.Debug|Any CPU.Build.0 = Debug|Any CPU
		{FB55487C-EB2D-405A-95F1-295DDE2DFE75}.Release|Any CPU.ActiveCfg = Release|Any CPU
		{FB55487C-EB2D-405A-95F1-295DDE2DFE75}.Release|Any CPU.Build.0 = Release|Any CPU
		{05AECCF2-472D-424D-A36E-17541C9FF019}.Debug|Any CPU.ActiveCfg = Debug|Any CPU
		{05AECCF2-472D-424D-A36E-17541C9FF019}.Debug|Any CPU.Build.0 = Debug|Any CPU
		{05AECCF2-472D-424D-A36E-17541C9FF019}.Release|Any CPU.ActiveCfg = Release|Any CPU
		{05AECCF2-472D-424D-A36E-17541C9FF019}.Release|Any CPU.Build.0 = Release|Any CPU
		{002F2D46-A7A4-4C11-9A3A-C494419EB5E6}.Debug|Any CPU.ActiveCfg = Debug|Any CPU
		{002F2D46-A7A4-4C11-9A3A-C494419EB5E6}.Debug|Any CPU.Build.0 = Debug|Any CPU
		{002F2D46-A7A4-4C11-9A3A-C494419EB5E6}.Release|Any CPU.ActiveCfg = Release|Any CPU
		{002F2D46-A7A4-4C11-9A3A-C494419EB5E6}.Release|Any CPU.Build.0 = Release|Any CPU
	EndGlobalSection
	GlobalSection(SolutionProperties) = preSolution
		HideSolutionNode = FALSE
	EndGlobalSection
	GlobalSection(ExtensibilityGlobals) = postSolution
		SolutionGuid = {6D7B900D-5E0A-4553-8E9C-E6AA90E02CC2}
	EndGlobalSection
EndGlobal
